Microsoft Visual Studio Solution File, Format Version 11.00
# Visual Studio 2008

Project("{2C5713BD-82B0-2A65-9D59-593D5D14CDE9}") = "Day14_Solutions", "Assembly-CSharp-firstpass.csproj", "{3EB7289A-25A0-FE4E-180A-DA5F0ABA08F5}"
EndProject
Project("{2C5713BD-82B0-2A65-9D59-593D5D14CDE9}") = "Day14_Solutions", "Assembly-CSharp.csproj", "{CA3E454D-020C-B54C-F460-F3CEADA33923}"
EndProject
Project("{2C5713BD-82B0-2A65-9D59-593D5D14CDE9}") = "Day14_Solutions", "Assembly-CSharp-Editor.csproj", "{A461B33C-468C-94AD-8921-E503FB3C2897}"
EndProject
Global
	GlobalSection(SolutionConfigurationPlatforms) = preSolution
		Debug|Any CPU = Debug|Any CPU
		Release|Any CPU = Release|Any CPU
	EndGlobalSection
	GlobalSection(ProjectConfigurationPlatforms) = postSolution
		{3EB7289A-25A0-FE4E-180A-DA5F0ABA08F5}.Debug|Any CPU.ActiveCfg = Debug|Any CPU
		{3EB7289A-25A0-FE4E-180A-DA5F0ABA08F5}.Debug|Any CPU.Build.0 = Debug|Any CPU
		{3EB7289A-25A0-FE4E-180A-DA5F0ABA08F5}.Release|Any CPU.ActiveCfg = Release|Any CPU
		{3EB7289A-25A0-FE4E-180A-DA5F0ABA08F5}.Release|Any CPU.Build.0 = Release|Any CPU
		{CA3E454D-020C-B54C-F460-F3CEADA33923}.Debug|Any CPU.ActiveCfg = Debug|Any CPU
		{CA3E454D-020C-B54C-F460-F3CEADA33923}.Debug|Any CPU.Build.0 = Debug|Any CPU
		{CA3E454D-020C-B54C-F460-F3CEADA33923}.Release|Any CPU.ActiveCfg = Release|Any CPU
		{CA3E454D-020C-B54C-F460-F3CEADA33923}.Release|Any CPU.Build.0 = Release|Any CPU
		{A461B33C-468C-94AD-8921-E503FB3C2897}.Debug|Any CPU.ActiveCfg = Debug|Any CPU
		{A461B33C-468C-94AD-8921-E503FB3C2897}.Debug|Any CPU.Build.0 = Debug|Any CPU
		{A461B33C-468C-94AD-8921-E503FB3C2897}.Release|Any CPU.ActiveCfg = Release|Any CPU
		{A461B33C-468C-94AD-8921-E503FB3C2897}.Release|Any CPU.Build.0 = Release|Any CPU
	EndGlobalSection
	GlobalSection(SolutionProperties) = preSolution
		HideSolutionNode = FALSE
	EndGlobalSection
	GlobalSection(MonoDevelopProperties) = preSolution
		StartupItem = Assembly-CSharp.csproj
	EndGlobalSection
EndGlobal
