Microsoft Visual Studio Solution File, Format Version 11.00
# Visual Studio 2008

Project("{84EDF555-1FDB-7868-3520-D99A8A01B8B1}") = "Day12_Homework", "Assembly-CSharp-firstpass.csproj", "{131240DB-41EA-F73B-2834-B9EA218713C7}"
EndProject
Project("{84EDF555-1FDB-7868-3520-D99A8A01B8B1}") = "Day12_Homework", "Assembly-CSharp.csproj", "{063158B2-7EDE-7E2E-E987-F961A5E0F158}"
EndProject
Project("{84EDF555-1FDB-7868-3520-D99A8A01B8B1}") = "Day12_Homework", "Assembly-CSharp-Editor.csproj", "{77F10FB8-A427-C47F-3105-55AC56C8C0B7}"
EndProject
Global
	GlobalSection(SolutionConfigurationPlatforms) = preSolution
		Debug|Any CPU = Debug|Any CPU
		Release|Any CPU = Release|Any CPU
	EndGlobalSection
	GlobalSection(ProjectConfigurationPlatforms) = postSolution
		{131240DB-41EA-F73B-2834-B9EA218713C7}.Debug|Any CPU.ActiveCfg = Debug|Any CPU
		{131240DB-41EA-F73B-2834-B9EA218713C7}.Debug|Any CPU.Build.0 = Debug|Any CPU
		{131240DB-41EA-F73B-2834-B9EA218713C7}.Release|Any CPU.ActiveCfg = Release|Any CPU
		{131240DB-41EA-F73B-2834-B9EA218713C7}.Release|Any CPU.Build.0 = Release|Any CPU
		{063158B2-7EDE-7E2E-E987-F961A5E0F158}.Debug|Any CPU.ActiveCfg = Debug|Any CPU
		{063158B2-7EDE-7E2E-E987-F961A5E0F158}.Debug|Any CPU.Build.0 = Debug|Any CPU
		{063158B2-7EDE-7E2E-E987-F961A5E0F158}.Release|Any CPU.ActiveCfg = Release|Any CPU
		{063158B2-7EDE-7E2E-E987-F961A5E0F158}.Release|Any CPU.Build.0 = Release|Any CPU
		{77F10FB8-A427-C47F-3105-55AC56C8C0B7}.Debug|Any CPU.ActiveCfg = Debug|Any CPU
		{77F10FB8-A427-C47F-3105-55AC56C8C0B7}.Debug|Any CPU.Build.0 = Debug|Any CPU
		{77F10FB8-A427-C47F-3105-55AC56C8C0B7}.Release|Any CPU.ActiveCfg = Release|Any CPU
		{77F10FB8-A427-C47F-3105-55AC56C8C0B7}.Release|Any CPU.Build.0 = Release|Any CPU
	EndGlobalSection
	GlobalSection(SolutionProperties) = preSolution
		HideSolutionNode = FALSE
	EndGlobalSection
	GlobalSection(MonoDevelopProperties) = preSolution
		StartupItem = Assembly-CSharp.csproj
	EndGlobalSection
EndGlobal
